
Microsoft Visual Studio Solution File, Format Version 12.00
# Visual Studio 2012
Project("{FAE04EC0-301F-11D3-BF4B-00C04F79EFBC}") = "AccurateReferences", "AccurateReferences\AccurateReferences.csproj", "{C9CA524D-A09B-463A-87CA-1CD4D904E212}"
EndProject
Global
	GlobalSection(SolutionConfigurationPlatforms) = preSolution
		Debug|Any CPU = Debug|Any CPU
		Release|Any CPU = Release|Any CPU
	EndGlobalSection
	GlobalSection(ProjectConfigurationPlatforms) = postSolution
		{C9CA524D-A09B-463A-87CA-1CD4D904E212}.Debug|Any CPU.ActiveCfg = Debug|Any CPU
		{C9CA524D-A09B-463A-87CA-1CD4D904E212}.Debug|Any CPU.Build.0 = Debug|Any CPU
		{C9CA524D-A09B-463A-87CA-1CD4D904E212}.Release|Any CPU.ActiveCfg = Release|Any CPU
		{C9CA524D-A09B-463A-87CA-1CD4D904E212}.Release|Any CPU.Build.0 = Release|Any CPU
	EndGlobalSection
	GlobalSection(SolutionProperties) = preSolution
		HideSolutionNode = FALSE
	EndGlobalSection
EndGlobal
